
Microsoft Visual Studio Solution File, Format Version 12.00
# Visual Studio 15
VisualStudioVersion = 15.0.28307.757
MinimumVisualStudioVersion = 10.0.40219.1
Project("{FAE04EC0-301F-11D3-BF4B-00C04F79EFBC}") = "Image Generator", "Image Generator\Image Generator.csproj", "{21D24EA2-F9EA-4B77-8F28-4229ABB883E4}"
EndProject
Project("{FAE04EC0-301F-11D3-BF4B-00C04F79EFBC}") = "ImageGeneratorInterfaces", "ImageGeneratorInterfaces\ImageGeneratorInterfaces.csproj", "{501DC909-A0DF-4FD9-B2CB-96160C63B682}"
EndProject
Project("{FAE04EC0-301F-11D3-BF4B-00C04F79EFBC}") = "ImageManager", "ImageManager\ImageManager.csproj", "{DE86CF0F-510F-4320-9A9B-3D0323438AF6}"
EndProject
Project("{FAE04EC0-301F-11D3-BF4B-00C04F79EFBC}") = "UDPipeParser", "UDPipeParser\UDPipeParser.csproj", "{1CF8D5CA-9A29-4D36-B116-65E255D7D770}"
EndProject
Project("{FAE04EC0-301F-11D3-BF4B-00C04F79EFBC}") = "ImagePositioner", "ImagePositioner\ImagePositioner.csproj", "{5F943CB4-D718-45AC-B47B-4DCBEA489E03}"
EndProject
Global
	GlobalSection(SolutionConfigurationPlatforms) = preSolution
		Debug|Any CPU = Debug|Any CPU
		Release|Any CPU = Release|Any CPU
	EndGlobalSection
	GlobalSection(ProjectConfigurationPlatforms) = postSolution
		{21D24EA2-F9EA-4B77-8F28-4229ABB883E4}.Debug|Any CPU.ActiveCfg = Debug|Any CPU
		{21D24EA2-F9EA-4B77-8F28-4229ABB883E4}.Debug|Any CPU.Build.0 = Debug|Any CPU
		{21D24EA2-F9EA-4B77-8F28-4229ABB883E4}.Release|Any CPU.ActiveCfg = Release|Any CPU
		{21D24EA2-F9EA-4B77-8F28-4229ABB883E4}.Release|Any CPU.Build.0 = Release|Any CPU
		{501DC909-A0DF-4FD9-B2CB-96160C63B682}.Debug|Any CPU.ActiveCfg = Debug|Any CPU
		{501DC909-A0DF-4FD9-B2CB-96160C63B682}.Debug|Any CPU.Build.0 = Debug|Any CPU
		{501DC909-A0DF-4FD9-B2CB-96160C63B682}.Release|Any CPU.ActiveCfg = Release|Any CPU
		{501DC909-A0DF-4FD9-B2CB-96160C63B682}.Release|Any CPU.Build.0 = Release|Any CPU
		{DE86CF0F-510F-4320-9A9B-3D0323438AF6}.Debug|Any CPU.ActiveCfg = Debug|Any CPU
		{DE86CF0F-510F-4320-9A9B-3D0323438AF6}.Debug|Any CPU.Build.0 = Debug|Any CPU
		{DE86CF0F-510F-4320-9A9B-3D0323438AF6}.Release|Any CPU.ActiveCfg = Release|Any CPU
		{DE86CF0F-510F-4320-9A9B-3D0323438AF6}.Release|Any CPU.Build.0 = Release|Any CPU
		{1CF8D5CA-9A29-4D36-B116-65E255D7D770}.Debug|Any CPU.ActiveCfg = Debug|Any CPU
		{1CF8D5CA-9A29-4D36-B116-65E255D7D770}.Debug|Any CPU.Build.0 = Debug|Any CPU
		{1CF8D5CA-9A29-4D36-B116-65E255D7D770}.Release|Any CPU.ActiveCfg = Release|Any CPU
		{1CF8D5CA-9A29-4D36-B116-65E255D7D770}.Release|Any CPU.Build.0 = Release|Any CPU
		{5F943CB4-D718-45AC-B47B-4DCBEA489E03}.Debug|Any CPU.ActiveCfg = Debug|Any CPU
		{5F943CB4-D718-45AC-B47B-4DCBEA489E03}.Debug|Any CPU.Build.0 = Debug|Any CPU
		{5F943CB4-D718-45AC-B47B-4DCBEA489E03}.Release|Any CPU.ActiveCfg = Release|Any CPU
		{5F943CB4-D718-45AC-B47B-4DCBEA489E03}.Release|Any CPU.Build.0 = Release|Any CPU
	EndGlobalSection
	GlobalSection(SolutionProperties) = preSolution
		HideSolutionNode = FALSE
	EndGlobalSection
	GlobalSection(ExtensibilityGlobals) = postSolution
		SolutionGuid = {3F8D1278-4346-4D30-88E3-2CA5047A29D8}
	EndGlobalSection
EndGlobal
