
Microsoft Visual Studio Solution File, Format Version 12.00
# Visual Studio 15
VisualStudioVersion = 15.0.28307.757
MinimumVisualStudioVersion = 10.0.40219.1
Project("{FAE04EC0-301F-11D3-BF4B-00C04F79EFBC}") = "Image Generator", "Image Generator\Image Generator.csproj", "{21D24EA2-F9EA-4B77-8F28-4229ABB883E4}"
EndProject
Project("{FAE04EC0-301F-11D3-BF4B-00C04F79EFBC}") = "ImageGeneratorInterfaces", "ImageGeneratorInterfaces\ImageGeneratorInterfaces.csproj", "{501DC909-A0DF-4FD9-B2CB-96160C63B682}"
EndProject
Project("{FAE04EC0-301F-11D3-BF4B-00C04F79EFBC}") = "ImageManager", "ImageManager\ImageManager.csproj", "{DE86CF0F-510F-4320-9A9B-3D0323438AF6}"
EndProject
Project("{FAE04EC0-301F-11D3-BF4B-00C04F79EFBC}") = "UDPipeParser", "UDPipeParser\UDPipeParser.csproj", "{1CF8D5CA-9A29-4D36-B116-65E255D7D770}"
EndProject
Project("{FAE04EC0-301F-11D3-BF4B-00C04F79EFBC}") = "ImagePositioner", "ImagePositioner\ImagePositioner.csproj", "{5F943CB4-D718-45AC-B47B-4DCBEA489E03}"
EndProject
Project("{FAE04EC0-301F-11D3-BF4B-00C04F79EFBC}") = "ImagePositionerTests", "ImagePositionerTests\ImagePositionerTests.csproj", "{B932640F-018B-40EB-B0ED-23416CDF4DF5}"
EndProject
Project("{FAE04EC0-301F-11D3-BF4B-00C04F79EFBC}") = "UDPipeParserTests", "UDPipeParserTests\UDPipeParserTests.csproj", "{0BF20A1A-4FEE-4A6D-9F6B-0E466781E350}"
EndProject
Project("{FAE04EC0-301F-11D3-BF4B-00C04F79EFBC}") = "ImageManagerTests", "ImageManagerTests\ImageManagerTests.csproj", "{5180815A-4E01-4C7B-BF9D-ED9CD1F38D4F}"
EndProject
Global
	GlobalSection(SolutionConfigurationPlatforms) = preSolution
		Debug|Any CPU = Debug|Any CPU
		Debug|ARM = Debug|ARM
		Debug|ARM64 = Debug|ARM64
		Debug|x64 = Debug|x64
		Debug|x86 = Debug|x86
		Release|Any CPU = Release|Any CPU
		Release|ARM = Release|ARM
		Release|ARM64 = Release|ARM64
		Release|x64 = Release|x64
		Release|x86 = Release|x86
	EndGlobalSection
	GlobalSection(ProjectConfigurationPlatforms) = postSolution
		{21D24EA2-F9EA-4B77-8F28-4229ABB883E4}.Debug|Any CPU.ActiveCfg = Debug|Any CPU
		{21D24EA2-F9EA-4B77-8F28-4229ABB883E4}.Debug|Any CPU.Build.0 = Debug|Any CPU
		{21D24EA2-F9EA-4B77-8F28-4229ABB883E4}.Debug|ARM.ActiveCfg = Debug|Any CPU
		{21D24EA2-F9EA-4B77-8F28-4229ABB883E4}.Debug|ARM.Build.0 = Debug|Any CPU
		{21D24EA2-F9EA-4B77-8F28-4229ABB883E4}.Debug|ARM64.ActiveCfg = Debug|Any CPU
		{21D24EA2-F9EA-4B77-8F28-4229ABB883E4}.Debug|ARM64.Build.0 = Debug|Any CPU
		{21D24EA2-F9EA-4B77-8F28-4229ABB883E4}.Debug|x64.ActiveCfg = Debug|Any CPU
		{21D24EA2-F9EA-4B77-8F28-4229ABB883E4}.Debug|x64.Build.0 = Debug|Any CPU
		{21D24EA2-F9EA-4B77-8F28-4229ABB883E4}.Debug|x86.ActiveCfg = Debug|Any CPU
		{21D24EA2-F9EA-4B77-8F28-4229ABB883E4}.Debug|x86.Build.0 = Debug|Any CPU
		{21D24EA2-F9EA-4B77-8F28-4229ABB883E4}.Release|Any CPU.ActiveCfg = Release|Any CPU
		{21D24EA2-F9EA-4B77-8F28-4229ABB883E4}.Release|Any CPU.Build.0 = Release|Any CPU
		{21D24EA2-F9EA-4B77-8F28-4229ABB883E4}.Release|ARM.ActiveCfg = Release|Any CPU
		{21D24EA2-F9EA-4B77-8F28-4229ABB883E4}.Release|ARM.Build.0 = Release|Any CPU
		{21D24EA2-F9EA-4B77-8F28-4229ABB883E4}.Release|ARM64.ActiveCfg = Release|Any CPU
		{21D24EA2-F9EA-4B77-8F28-4229ABB883E4}.Release|ARM64.Build.0 = Release|Any CPU
		{21D24EA2-F9EA-4B77-8F28-4229ABB883E4}.Release|x64.ActiveCfg = Release|Any CPU
		{21D24EA2-F9EA-4B77-8F28-4229ABB883E4}.Release|x64.Build.0 = Release|Any CPU
		{21D24EA2-F9EA-4B77-8F28-4229ABB883E4}.Release|x86.ActiveCfg = Release|Any CPU
		{21D24EA2-F9EA-4B77-8F28-4229ABB883E4}.Release|x86.Build.0 = Release|Any CPU
		{501DC909-A0DF-4FD9-B2CB-96160C63B682}.Debug|Any CPU.ActiveCfg = Debug|Any CPU
		{501DC909-A0DF-4FD9-B2CB-96160C63B682}.Debug|Any CPU.Build.0 = Debug|Any CPU
		{501DC909-A0DF-4FD9-B2CB-96160C63B682}.Debug|ARM.ActiveCfg = Debug|Any CPU
		{501DC909-A0DF-4FD9-B2CB-96160C63B682}.Debug|ARM.Build.0 = Debug|Any CPU
		{501DC909-A0DF-4FD9-B2CB-96160C63B682}.Debug|ARM64.ActiveCfg = Debug|Any CPU
		{501DC909-A0DF-4FD9-B2CB-96160C63B682}.Debug|ARM64.Build.0 = Debug|Any CPU
		{501DC909-A0DF-4FD9-B2CB-96160C63B682}.Debug|x64.ActiveCfg = Debug|Any CPU
		{501DC909-A0DF-4FD9-B2CB-96160C63B682}.Debug|x64.Build.0 = Debug|Any CPU
		{501DC909-A0DF-4FD9-B2CB-96160C63B682}.Debug|x86.ActiveCfg = Debug|Any CPU
		{501DC909-A0DF-4FD9-B2CB-96160C63B682}.Debug|x86.Build.0 = Debug|Any CPU
		{501DC909-A0DF-4FD9-B2CB-96160C63B682}.Release|Any CPU.ActiveCfg = Release|Any CPU
		{501DC909-A0DF-4FD9-B2CB-96160C63B682}.Release|Any CPU.Build.0 = Release|Any CPU
		{501DC909-A0DF-4FD9-B2CB-96160C63B682}.Release|ARM.ActiveCfg = Release|Any CPU
		{501DC909-A0DF-4FD9-B2CB-96160C63B682}.Release|ARM.Build.0 = Release|Any CPU
		{501DC909-A0DF-4FD9-B2CB-96160C63B682}.Release|ARM64.ActiveCfg = Release|Any CPU
		{501DC909-A0DF-4FD9-B2CB-96160C63B682}.Release|ARM64.Build.0 = Release|Any CPU
		{501DC909-A0DF-4FD9-B2CB-96160C63B682}.Release|x64.ActiveCfg = Release|Any CPU
		{501DC909-A0DF-4FD9-B2CB-96160C63B682}.Release|x64.Build.0 = Release|Any CPU
		{501DC909-A0DF-4FD9-B2CB-96160C63B682}.Release|x86.ActiveCfg = Release|Any CPU
		{501DC909-A0DF-4FD9-B2CB-96160C63B682}.Release|x86.Build.0 = Release|Any CPU
		{DE86CF0F-510F-4320-9A9B-3D0323438AF6}.Debug|Any CPU.ActiveCfg = Debug|Any CPU
		{DE86CF0F-510F-4320-9A9B-3D0323438AF6}.Debug|Any CPU.Build.0 = Debug|Any CPU
		{DE86CF0F-510F-4320-9A9B-3D0323438AF6}.Debug|ARM.ActiveCfg = Debug|Any CPU
		{DE86CF0F-510F-4320-9A9B-3D0323438AF6}.Debug|ARM.Build.0 = Debug|Any CPU
		{DE86CF0F-510F-4320-9A9B-3D0323438AF6}.Debug|ARM64.ActiveCfg = Debug|Any CPU
		{DE86CF0F-510F-4320-9A9B-3D0323438AF6}.Debug|ARM64.Build.0 = Debug|Any CPU
		{DE86CF0F-510F-4320-9A9B-3D0323438AF6}.Debug|x64.ActiveCfg = Debug|Any CPU
		{DE86CF0F-510F-4320-9A9B-3D0323438AF6}.Debug|x64.Build.0 = Debug|Any CPU
		{DE86CF0F-510F-4320-9A9B-3D0323438AF6}.Debug|x86.ActiveCfg = Debug|Any CPU
		{DE86CF0F-510F-4320-9A9B-3D0323438AF6}.Debug|x86.Build.0 = Debug|Any CPU
		{DE86CF0F-510F-4320-9A9B-3D0323438AF6}.Release|Any CPU.ActiveCfg = Release|Any CPU
		{DE86CF0F-510F-4320-9A9B-3D0323438AF6}.Release|Any CPU.Build.0 = Release|Any CPU
		{DE86CF0F-510F-4320-9A9B-3D0323438AF6}.Release|ARM.ActiveCfg = Release|Any CPU
		{DE86CF0F-510F-4320-9A9B-3D0323438AF6}.Release|ARM.Build.0 = Release|Any CPU
		{DE86CF0F-510F-4320-9A9B-3D0323438AF6}.Release|ARM64.ActiveCfg = Release|Any CPU
		{DE86CF0F-510F-4320-9A9B-3D0323438AF6}.Release|ARM64.Build.0 = Release|Any CPU
		{DE86CF0F-510F-4320-9A9B-3D0323438AF6}.Release|x64.ActiveCfg = Release|Any CPU
		{DE86CF0F-510F-4320-9A9B-3D0323438AF6}.Release|x64.Build.0 = Release|Any CPU
		{DE86CF0F-510F-4320-9A9B-3D0323438AF6}.Release|x86.ActiveCfg = Release|Any CPU
		{DE86CF0F-510F-4320-9A9B-3D0323438AF6}.Release|x86.Build.0 = Release|Any CPU
		{1CF8D5CA-9A29-4D36-B116-65E255D7D770}.Debug|Any CPU.ActiveCfg = Debug|Any CPU
		{1CF8D5CA-9A29-4D36-B116-65E255D7D770}.Debug|Any CPU.Build.0 = Debug|Any CPU
		{1CF8D5CA-9A29-4D36-B116-65E255D7D770}.Debug|ARM.ActiveCfg = Debug|Any CPU
		{1CF8D5CA-9A29-4D36-B116-65E255D7D770}.Debug|ARM.Build.0 = Debug|Any CPU
		{1CF8D5CA-9A29-4D36-B116-65E255D7D770}.Debug|ARM64.ActiveCfg = Debug|Any CPU
		{1CF8D5CA-9A29-4D36-B116-65E255D7D770}.Debug|ARM64.Build.0 = Debug|Any CPU
		{1CF8D5CA-9A29-4D36-B116-65E255D7D770}.Debug|x64.ActiveCfg = Debug|Any CPU
		{1CF8D5CA-9A29-4D36-B116-65E255D7D770}.Debug|x64.Build.0 = Debug|Any CPU
		{1CF8D5CA-9A29-4D36-B116-65E255D7D770}.Debug|x86.ActiveCfg = Debug|Any CPU
		{1CF8D5CA-9A29-4D36-B116-65E255D7D770}.Debug|x86.Build.0 = Debug|Any CPU
		{1CF8D5CA-9A29-4D36-B116-65E255D7D770}.Release|Any CPU.ActiveCfg = Release|Any CPU
		{1CF8D5CA-9A29-4D36-B116-65E255D7D770}.Release|Any CPU.Build.0 = Release|Any CPU
		{1CF8D5CA-9A29-4D36-B116-65E255D7D770}.Release|ARM.ActiveCfg = Release|Any CPU
		{1CF8D5CA-9A29-4D36-B116-65E255D7D770}.Release|ARM.Build.0 = Release|Any CPU
		{1CF8D5CA-9A29-4D36-B116-65E255D7D770}.Release|ARM64.ActiveCfg = Release|Any CPU
		{1CF8D5CA-9A29-4D36-B116-65E255D7D770}.Release|ARM64.Build.0 = Release|Any CPU
		{1CF8D5CA-9A29-4D36-B116-65E255D7D770}.Release|x64.ActiveCfg = Release|Any CPU
		{1CF8D5CA-9A29-4D36-B116-65E255D7D770}.Release|x64.Build.0 = Release|Any CPU
		{1CF8D5CA-9A29-4D36-B116-65E255D7D770}.Release|x86.ActiveCfg = Release|Any CPU
		{1CF8D5CA-9A29-4D36-B116-65E255D7D770}.Release|x86.Build.0 = Release|Any CPU
		{5F943CB4-D718-45AC-B47B-4DCBEA489E03}.Debug|Any CPU.ActiveCfg = Debug|Any CPU
		{5F943CB4-D718-45AC-B47B-4DCBEA489E03}.Debug|Any CPU.Build.0 = Debug|Any CPU
		{5F943CB4-D718-45AC-B47B-4DCBEA489E03}.Debug|ARM.ActiveCfg = Debug|Any CPU
		{5F943CB4-D718-45AC-B47B-4DCBEA489E03}.Debug|ARM.Build.0 = Debug|Any CPU
		{5F943CB4-D718-45AC-B47B-4DCBEA489E03}.Debug|ARM64.ActiveCfg = Debug|Any CPU
		{5F943CB4-D718-45AC-B47B-4DCBEA489E03}.Debug|ARM64.Build.0 = Debug|Any CPU
		{5F943CB4-D718-45AC-B47B-4DCBEA489E03}.Debug|x64.ActiveCfg = Debug|Any CPU
		{5F943CB4-D718-45AC-B47B-4DCBEA489E03}.Debug|x64.Build.0 = Debug|Any CPU
		{5F943CB4-D718-45AC-B47B-4DCBEA489E03}.Debug|x86.ActiveCfg = Debug|Any CPU
		{5F943CB4-D718-45AC-B47B-4DCBEA489E03}.Debug|x86.Build.0 = Debug|Any CPU
		{5F943CB4-D718-45AC-B47B-4DCBEA489E03}.Release|Any CPU.ActiveCfg = Release|Any CPU
		{5F943CB4-D718-45AC-B47B-4DCBEA489E03}.Release|Any CPU.Build.0 = Release|Any CPU
		{5F943CB4-D718-45AC-B47B-4DCBEA489E03}.Release|ARM.ActiveCfg = Release|Any CPU
		{5F943CB4-D718-45AC-B47B-4DCBEA489E03}.Release|ARM.Build.0 = Release|Any CPU
		{5F943CB4-D718-45AC-B47B-4DCBEA489E03}.Release|ARM64.ActiveCfg = Release|Any CPU
		{5F943CB4-D718-45AC-B47B-4DCBEA489E03}.Release|ARM64.Build.0 = Release|Any CPU
		{5F943CB4-D718-45AC-B47B-4DCBEA489E03}.Release|x64.ActiveCfg = Release|Any CPU
		{5F943CB4-D718-45AC-B47B-4DCBEA489E03}.Release|x64.Build.0 = Release|Any CPU
		{5F943CB4-D718-45AC-B47B-4DCBEA489E03}.Release|x86.ActiveCfg = Release|Any CPU
		{5F943CB4-D718-45AC-B47B-4DCBEA489E03}.Release|x86.Build.0 = Release|Any CPU
		{B932640F-018B-40EB-B0ED-23416CDF4DF5}.Debug|Any CPU.ActiveCfg = Debug|Any CPU
		{B932640F-018B-40EB-B0ED-23416CDF4DF5}.Debug|Any CPU.Build.0 = Debug|Any CPU
		{B932640F-018B-40EB-B0ED-23416CDF4DF5}.Debug|ARM.ActiveCfg = Debug|Any CPU
		{B932640F-018B-40EB-B0ED-23416CDF4DF5}.Debug|ARM.Build.0 = Debug|Any CPU
		{B932640F-018B-40EB-B0ED-23416CDF4DF5}.Debug|ARM64.ActiveCfg = Debug|Any CPU
		{B932640F-018B-40EB-B0ED-23416CDF4DF5}.Debug|ARM64.Build.0 = Debug|Any CPU
		{B932640F-018B-40EB-B0ED-23416CDF4DF5}.Debug|x64.ActiveCfg = Debug|Any CPU
		{B932640F-018B-40EB-B0ED-23416CDF4DF5}.Debug|x64.Build.0 = Debug|Any CPU
		{B932640F-018B-40EB-B0ED-23416CDF4DF5}.Debug|x86.ActiveCfg = Debug|Any CPU
		{B932640F-018B-40EB-B0ED-23416CDF4DF5}.Debug|x86.Build.0 = Debug|Any CPU
		{B932640F-018B-40EB-B0ED-23416CDF4DF5}.Release|Any CPU.ActiveCfg = Release|Any CPU
		{B932640F-018B-40EB-B0ED-23416CDF4DF5}.Release|Any CPU.Build.0 = Release|Any CPU
		{B932640F-018B-40EB-B0ED-23416CDF4DF5}.Release|ARM.ActiveCfg = Release|Any CPU
		{B932640F-018B-40EB-B0ED-23416CDF4DF5}.Release|ARM.Build.0 = Release|Any CPU
		{B932640F-018B-40EB-B0ED-23416CDF4DF5}.Release|ARM64.ActiveCfg = Release|Any CPU
		{B932640F-018B-40EB-B0ED-23416CDF4DF5}.Release|ARM64.Build.0 = Release|Any CPU
		{B932640F-018B-40EB-B0ED-23416CDF4DF5}.Release|x64.ActiveCfg = Release|Any CPU
		{B932640F-018B-40EB-B0ED-23416CDF4DF5}.Release|x64.Build.0 = Release|Any CPU
		{B932640F-018B-40EB-B0ED-23416CDF4DF5}.Release|x86.ActiveCfg = Release|Any CPU
		{B932640F-018B-40EB-B0ED-23416CDF4DF5}.Release|x86.Build.0 = Release|Any CPU
		{0BF20A1A-4FEE-4A6D-9F6B-0E466781E350}.Debug|Any CPU.ActiveCfg = Debug|Any CPU
		{0BF20A1A-4FEE-4A6D-9F6B-0E466781E350}.Debug|Any CPU.Build.0 = Debug|Any CPU
		{0BF20A1A-4FEE-4A6D-9F6B-0E466781E350}.Debug|ARM.ActiveCfg = Debug|Any CPU
		{0BF20A1A-4FEE-4A6D-9F6B-0E466781E350}.Debug|ARM.Build.0 = Debug|Any CPU
		{0BF20A1A-4FEE-4A6D-9F6B-0E466781E350}.Debug|ARM64.ActiveCfg = Debug|Any CPU
		{0BF20A1A-4FEE-4A6D-9F6B-0E466781E350}.Debug|ARM64.Build.0 = Debug|Any CPU
		{0BF20A1A-4FEE-4A6D-9F6B-0E466781E350}.Debug|x64.ActiveCfg = Debug|Any CPU
		{0BF20A1A-4FEE-4A6D-9F6B-0E466781E350}.Debug|x64.Build.0 = Debug|Any CPU
		{0BF20A1A-4FEE-4A6D-9F6B-0E466781E350}.Debug|x86.ActiveCfg = Debug|Any CPU
		{0BF20A1A-4FEE-4A6D-9F6B-0E466781E350}.Debug|x86.Build.0 = Debug|Any CPU
		{0BF20A1A-4FEE-4A6D-9F6B-0E466781E350}.Release|Any CPU.ActiveCfg = Release|Any CPU
		{0BF20A1A-4FEE-4A6D-9F6B-0E466781E350}.Release|Any CPU.Build.0 = Release|Any CPU
		{0BF20A1A-4FEE-4A6D-9F6B-0E466781E350}.Release|ARM.ActiveCfg = Release|Any CPU
		{0BF20A1A-4FEE-4A6D-9F6B-0E466781E350}.Release|ARM.Build.0 = Release|Any CPU
		{0BF20A1A-4FEE-4A6D-9F6B-0E466781E350}.Release|ARM64.ActiveCfg = Release|Any CPU
		{0BF20A1A-4FEE-4A6D-9F6B-0E466781E350}.Release|ARM64.Build.0 = Release|Any CPU
		{0BF20A1A-4FEE-4A6D-9F6B-0E466781E350}.Release|x64.ActiveCfg = Release|Any CPU
		{0BF20A1A-4FEE-4A6D-9F6B-0E466781E350}.Release|x64.Build.0 = Release|Any CPU
		{0BF20A1A-4FEE-4A6D-9F6B-0E466781E350}.Release|x86.ActiveCfg = Release|Any CPU
		{0BF20A1A-4FEE-4A6D-9F6B-0E466781E350}.Release|x86.Build.0 = Release|Any CPU
		{5180815A-4E01-4C7B-BF9D-ED9CD1F38D4F}.Debug|Any CPU.ActiveCfg = Debug|Any CPU
		{5180815A-4E01-4C7B-BF9D-ED9CD1F38D4F}.Debug|Any CPU.Build.0 = Debug|Any CPU
		{5180815A-4E01-4C7B-BF9D-ED9CD1F38D4F}.Debug|ARM.ActiveCfg = Debug|Any CPU
		{5180815A-4E01-4C7B-BF9D-ED9CD1F38D4F}.Debug|ARM.Build.0 = Debug|Any CPU
		{5180815A-4E01-4C7B-BF9D-ED9CD1F38D4F}.Debug|ARM64.ActiveCfg = Debug|Any CPU
		{5180815A-4E01-4C7B-BF9D-ED9CD1F38D4F}.Debug|ARM64.Build.0 = Debug|Any CPU
		{5180815A-4E01-4C7B-BF9D-ED9CD1F38D4F}.Debug|x64.ActiveCfg = Debug|Any CPU
		{5180815A-4E01-4C7B-BF9D-ED9CD1F38D4F}.Debug|x64.Build.0 = Debug|Any CPU
		{5180815A-4E01-4C7B-BF9D-ED9CD1F38D4F}.Debug|x86.ActiveCfg = Debug|Any CPU
		{5180815A-4E01-4C7B-BF9D-ED9CD1F38D4F}.Debug|x86.Build.0 = Debug|Any CPU
		{5180815A-4E01-4C7B-BF9D-ED9CD1F38D4F}.Release|Any CPU.ActiveCfg = Release|Any CPU
		{5180815A-4E01-4C7B-BF9D-ED9CD1F38D4F}.Release|Any CPU.Build.0 = Release|Any CPU
		{5180815A-4E01-4C7B-BF9D-ED9CD1F38D4F}.Release|ARM.ActiveCfg = Release|Any CPU
		{5180815A-4E01-4C7B-BF9D-ED9CD1F38D4F}.Release|ARM.Build.0 = Release|Any CPU
		{5180815A-4E01-4C7B-BF9D-ED9CD1F38D4F}.Release|ARM64.ActiveCfg = Release|Any CPU
		{5180815A-4E01-4C7B-BF9D-ED9CD1F38D4F}.Release|ARM64.Build.0 = Release|Any CPU
		{5180815A-4E01-4C7B-BF9D-ED9CD1F38D4F}.Release|x64.ActiveCfg = Release|Any CPU
		{5180815A-4E01-4C7B-BF9D-ED9CD1F38D4F}.Release|x64.Build.0 = Release|Any CPU
		{5180815A-4E01-4C7B-BF9D-ED9CD1F38D4F}.Release|x86.ActiveCfg = Release|Any CPU
		{5180815A-4E01-4C7B-BF9D-ED9CD1F38D4F}.Release|x86.Build.0 = Release|Any CPU
	EndGlobalSection
	GlobalSection(SolutionProperties) = preSolution
		HideSolutionNode = FALSE
	EndGlobalSection
	GlobalSection(ExtensibilityGlobals) = postSolution
		SolutionGuid = {3F8D1278-4346-4D30-88E3-2CA5047A29D8}
	EndGlobalSection
EndGlobal
